
Microsoft Visual Studio Solution File, Format Version 12.00
# Visual Studio Version 16
VisualStudioVersion = 16.0.29326.143
MinimumVisualStudioVersion = 10.0.40219.1
Project("{FAE04EC0-301F-11D3-BF4B-00C04F79EFBC}") = "WebApiTest", "WebApiTest\WebApiTest.csproj", "{92DF8442-41C5-45E3-BDB0-C86292A24BBF}"
EndProject
Global
	GlobalSection(SolutionConfigurationPlatforms) = preSolution
		Debug|Any CPU = Debug|Any CPU
		Release|Any CPU = Release|Any CPU
	EndGlobalSection
	GlobalSection(ProjectConfigurationPlatforms) = postSolution
		{92DF8442-41C5-45E3-BDB0-C86292A24BBF}.Debug|Any CPU.ActiveCfg = Debug|Any CPU
		{92DF8442-41C5-45E3-BDB0-C86292A24BBF}.Debug|Any CPU.Build.0 = Debug|Any CPU
		{92DF8442-41C5-45E3-BDB0-C86292A24BBF}.Release|Any CPU.ActiveCfg = Release|Any CPU
		{92DF8442-41C5-45E3-BDB0-C86292A24BBF}.Release|Any CPU.Build.0 = Release|Any CPU
	EndGlobalSection
	GlobalSection(SolutionProperties) = preSolution
		HideSolutionNode = FALSE
	EndGlobalSection
	GlobalSection(ExtensibilityGlobals) = postSolution
		SolutionGuid = {CF6C5F3B-202B-47B2-A23C-81603A218A80}
	EndGlobalSection
EndGlobal
